// !$*UTF8*$!
{
	archiveVersion = 1;
	classes = {
	};
	objectVersion = 46;
	objects = {

/* Begin PBXBuildFile section */
		BB96014B1EFB35EC0000EB33 /* AppDelegate.swift in Sources */ = {isa = PBXBuildFile; fileRef = BB96014A1EFB35EC0000EB33 /* AppDelegate.swift */; };
		BB96014D1EFB35EC0000EB33 /* ViewController.swift in Sources */ = {isa = PBXBuildFile; fileRef = BB96014C1EFB35EC0000EB33 /* ViewController.swift */; };
		BB9601501EFB35EC0000EB33 /* Main.storyboard in Resources */ = {isa = PBXBuildFile; fileRef = BB96014E1EFB35EC0000EB33 /* Main.storyboard */; };
		BB9601521EFB35EC0000EB33 /* Assets.xcassets in Resources */ = {isa = PBXBuildFile; fileRef = BB9601511EFB35EC0000EB33 /* Assets.xcassets */; };
		BB9601551EFB35EC0000EB33 /* LaunchScreen.storyboard in Resources */ = {isa = PBXBuildFile; fileRef = BB9601531EFB35EC0000EB33 /* LaunchScreen.storyboard */; };
		BB9601601EFB35ED0000EB33 /* TempCalculatorTests.swift in Sources */ = {isa = PBXBuildFile; fileRef = BB96015F1EFB35ED0000EB33 /* TempCalculatorTests.swift */; };
		BB96016B1EFB35ED0000EB33 /* TempCalculatorUITests.swift in Sources */ = {isa = PBXBuildFile; fileRef = BB96016A1EFB35ED0000EB33 /* TempCalculatorUITests.swift */; };
/* End PBXBuildFile section */

/* Begin PBXContainerItemProxy section */
		BB96015C1EFB35ED0000EB33 /* PBXContainerItemProxy */ = {
			isa = PBXContainerItemProxy;
			containerPortal = BB96013F1EFB35EC0000EB33 /* Project object */;
			proxyType = 1;
			remoteGlobalIDString = BB9601461EFB35EC0000EB33;
			remoteInfo = TempCalculator;
		};
		BB9601671EFB35ED0000EB33 /* PBXContainerItemProxy */ = {
			isa = PBXContainerItemProxy;
			containerPortal = BB96013F1EFB35EC0000EB33 /* Project object */;
			proxyType = 1;
			remoteGlobalIDString = BB9601461EFB35EC0000EB33;
			remoteInfo = TempCalculator;
		};
/* End PBXContainerItemProxy section */

/* Begin PBXFileReference section */
		BB9601471EFB35EC0000EB33 /* TempCalculator.app */ = {isa = PBXFileReference; explicitFileType = wrapper.application; includeInIndex = 0; path = TempCalculator.app; sourceTree = BUILT_PRODUCTS_DIR; };
		BB96014A1EFB35EC0000EB33 /* AppDelegate.swift */ = {isa = PBXFileReference; lastKnownFileType = sourcecode.swift; path = AppDelegate.swift; sourceTree = "<group>"; };
		BB96014C1EFB35EC0000EB33 /* ViewController.swift */ = {isa = PBXFileReference; lastKnownFileType = sourcecode.swift; path = ViewController.swift; sourceTree = "<group>"; };
		BB96014F1EFB35EC0000EB33 /* Base */ = {isa = PBXFileReference; lastKnownFileType = file.storyboard; name = Base; path = Base.lproj/Main.storyboard; sourceTree = "<group>"; };
		BB9601511EFB35EC0000EB33 /* Assets.xcassets */ = {isa = PBXFileReference; lastKnownFileType = folder.assetcatalog; path = Assets.xcassets; sourceTree = "<group>"; };
		BB9601541EFB35EC0000EB33 /* Base */ = {isa = PBXFileReference; lastKnownFileType = file.storyboard; name = Base; path = Base.lproj/LaunchScreen.storyboard; sourceTree = "<group>"; };
		BB9601561EFB35EC0000EB33 /* Info.plist */ = {isa = PBXFileReference; lastKnownFileType = text.plist.xml; path = Info.plist; sourceTree = "<group>"; };
		BB96015B1EFB35ED0000EB33 /* TempCalculatorTests.xctest */ = {isa = PBXFileReference; explicitFileType = wrapper.cfbundle; includeInIndex = 0; path = TempCalculatorTests.xctest; sourceTree = BUILT_PRODUCTS_DIR; };
		BB96015F1EFB35ED0000EB33 /* TempCalculatorTests.swift */ = {isa = PBXFileReference; lastKnownFileType = sourcecode.swift; path = TempCalculatorTests.swift; sourceTree = "<group>"; };
		BB9601611EFB35ED0000EB33 /* Info.plist */ = {isa = PBXFileReference; lastKnownFileType = text.plist.xml; path = Info.plist; sourceTree = "<group>"; };
		BB9601661EFB35ED0000EB33 /* TempCalculatorUITests.xctest */ = {isa = PBXFileReference; explicitFileType = wrapper.cfbundle; includeInIndex = 0; path = TempCalculatorUITests.xctest; sourceTree = BUILT_PRODUCTS_DIR; };
		BB96016A1EFB35ED0000EB33 /* TempCalculatorUITests.swift */ = {isa = PBXFileReference; lastKnownFileType = sourcecode.swift; path = TempCalculatorUITests.swift; sourceTree = "<group>"; };
		BB96016C1EFB35ED0000EB33 /* Info.plist */ = {isa = PBXFileReference; lastKnownFileType = text.plist.xml; path = Info.plist; sourceTree = "<group>"; };
/* End PBXFileReference section */

/* Begin PBXFrameworksBuildPhase section */
		BB9601441EFB35EC0000EB33 /* Frameworks */ = {
			isa = PBXFrameworksBuildPhase;
			buildActionMask = 2147483647;
			files = (
			);
			runOnlyForDeploymentPostprocessing = 0;
		};
		BB9601581EFB35ED0000EB33 /* Frameworks */ = {
			isa = PBXFrameworksBuildPhase;
			buildActionMask = 2147483647;
			files = (
			);
			runOnlyForDeploymentPostprocessing = 0;
		};
		BB9601631EFB35ED0000EB33 /* Frameworks */ = {
			isa = PBXFrameworksBuildPhase;
			buildActionMask = 2147483647;
			files = (
			);
			runOnlyForDeploymentPostprocessing = 0;
		};
/* End PBXFrameworksBuildPhase section */

/* Begin PBXGroup section */
		BB96013E1EFB35EC0000EB33 = {
			isa = PBXGroup;
			children = (
				BB9601491EFB35EC0000EB33 /* TempCalculator */,
				BB96015E1EFB35ED0000EB33 /* TempCalculatorTests */,
				BB9601691EFB35ED0000EB33 /* TempCalculatorUITests */,
				BB9601481EFB35EC0000EB33 /* Products */,
			);
			sourceTree = "<group>";
		};
		BB9601481EFB35EC0000EB33 /* Products */ = {
			isa = PBXGroup;
			children = (
				BB9601471EFB35EC0000EB33 /* TempCalculator.app */,
				BB96015B1EFB35ED0000EB33 /* TempCalculatorTests.xctest */,
				BB9601661EFB35ED0000EB33 /* TempCalculatorUITests.xctest */,
			);
			name = Products;
			sourceTree = "<group>";
		};
		BB9601491EFB35EC0000EB33 /* TempCalculator */ = {
			isa = PBXGroup;
			children = (
				BB96014A1EFB35EC0000EB33 /* AppDelegate.swift */,
				BB96014C1EFB35EC0000EB33 /* ViewController.swift */,
				BB96014E1EFB35EC0000EB33 /* Main.storyboard */,
				BB9601511EFB35EC0000EB33 /* Assets.xcassets */,
				BB9601531EFB35EC0000EB33 /* LaunchScreen.storyboard */,
				BB9601561EFB35EC0000EB33 /* Info.plist */,
			);
			path = TempCalculator;
			sourceTree = "<group>";
		};
		BB96015E1EFB35ED0000EB33 /* TempCalculatorTests */ = {
			isa = PBXGroup;
			children = (
				BB96015F1EFB35ED0000EB33 /* TempCalculatorTests.swift */,
				BB9601611EFB35ED0000EB33 /* Info.plist */,
			);
			path = TempCalculatorTests;
			sourceTree = "<group>";
		};
		BB9601691EFB35ED0000EB33 /* TempCalculatorUITests */ = {
			isa = PBXGroup;
			children = (
				BB96016A1EFB35ED0000EB33 /* TempCalculatorUITests.swift */,
				BB96016C1EFB35ED0000EB33 /* Info.plist */,
			);
			path = TempCalculatorUITests;
			sourceTree = "<group>";
		};
/* End PBXGroup section */

/* Begin PBXNativeTarget section */
		BB9601461EFB35EC0000EB33 /* TempCalculator */ = {
			isa = PBXNativeTarget;
			buildConfigurationList = BB96016F1EFB35ED0000EB33 /* Build configuration list for PBXNativeTarget "TempCalculator" */;
			buildPhases = (
				BB9601431EFB35EC0000EB33 /* Sources */,
				BB9601441EFB35EC0000EB33 /* Frameworks */,
				BB9601451EFB35EC0000EB33 /* Resources */,
			);
			buildRules = (
			);
			dependencies = (
			);
			name = TempCalculator;
			productName = TempCalculator;
			productReference = BB9601471EFB35EC0000EB33 /* TempCalculator.app */;
			productType = "com.apple.product-type.application";
		};
		BB96015A1EFB35ED0000EB33 /* TempCalculatorTests */ = {
			isa = PBXNativeTarget;
			buildConfigurationList = BB9601721EFB35ED0000EB33 /* Build configuration list for PBXNativeTarget "TempCalculatorTests" */;
			buildPhases = (
				BB9601571EFB35ED0000EB33 /* Sources */,
				BB9601581EFB35ED0000EB33 /* Frameworks */,
				BB9601591EFB35ED0000EB33 /* Resources */,
			);
			buildRules = (
			);
			dependencies = (
				BB96015D1EFB35ED0000EB33 /* PBXTargetDependency */,
			);
			name = TempCalculatorTests;
			productName = TempCalculatorTests;
			productReference = BB96015B1EFB35ED0000EB33 /* TempCalculatorTests.xctest */;
			productType = "com.apple.product-type.bundle.unit-test";
		};
		BB9601651EFB35ED0000EB33 /* TempCalculatorUITests */ = {
			isa = PBXNativeTarget;
			buildConfigurationList = BB9601751EFB35ED0000EB33 /* Build configuration list for PBXNativeTarget "TempCalculatorUITests" */;
			buildPhases = (
				BB9601621EFB35ED0000EB33 /* Sources */,
				BB9601631EFB35ED0000EB33 /* Frameworks */,
				BB9601641EFB35ED0000EB33 /* Resources */,
			);
			buildRules = (
			);
			dependencies = (
				BB9601681EFB35ED0000EB33 /* PBXTargetDependency */,
			);
			name = TempCalculatorUITests;
			productName = TempCalculatorUITests;
			productReference = BB9601661EFB35ED0000EB33 /* TempCalculatorUITests.xctest */;
			productType = "com.apple.product-type.bundle.ui-testing";
		};
/* End PBXNativeTarget section */

/* Begin PBXProject section */
		BB96013F1EFB35EC0000EB33 /* Project object */ = {
			isa = PBXProject;
			attributes = {
				LastSwiftUpdateCheck = 0820;
				LastUpgradeCheck = 0820;
				ORGANIZATIONNAME = Suguru;
				TargetAttributes = {
					BB9601461EFB35EC0000EB33 = {
						CreatedOnToolsVersion = 8.2.1;
						ProvisioningStyle = Automatic;
					};
					BB96015A1EFB35ED0000EB33 = {
						CreatedOnToolsVersion = 8.2.1;
						ProvisioningStyle = Automatic;
						TestTargetID = BB9601461EFB35EC0000EB33;
					};
					BB9601651EFB35ED0000EB33 = {
						CreatedOnToolsVersion = 8.2.1;
						ProvisioningStyle = Automatic;
						TestTargetID = BB9601461EFB35EC0000EB33;
					};
				};
			};
			buildConfigurationList = BB9601421EFB35EC0000EB33 /* Build configuration list for PBXProject "TempCalculator" */;
			compatibilityVersion = "Xcode 3.2";
			developmentRegion = English;
			hasScannedForEncodings = 0;
			knownRegions = (
				en,
				Base,
			);
			mainGroup = BB96013E1EFB35EC0000EB33;
			productRefGroup = BB9601481EFB35EC0000EB33 /* Products */;
			projectDirPath = "";
			projectRoot = "";
			targets = (
				BB9601461EFB35EC0000EB33 /* TempCalculator */,
				BB96015A1EFB35ED0000EB33 /* TempCalculatorTests */,
				BB9601651EFB35ED0000EB33 /* TempCalculatorUITests */,
			);
		};
/* End PBXProject section */

/* Begin PBXResourcesBuildPhase section */
		BB9601451EFB35EC0000EB33 /* Resources */ = {
			isa = PBXResourcesBuildPhase;
			buildActionMask = 2147483647;
			files = (
				BB9601551EFB35EC0000EB33 /* LaunchScreen.storyboard in Resources */,
				BB9601521EFB35EC0000EB33 /* Assets.xcassets in Resources */,
				BB9601501EFB35EC0000EB33 /* Main.storyboard in Resources */,
			);
			runOnlyForDeploymentPostprocessing = 0;
		};
		BB9601591EFB35ED0000EB33 /* Resources */ = {
			isa = PBXResourcesBuildPhase;
			buildActionMask = 2147483647;
			files = (
			);
			runOnlyForDeploymentPostprocessing = 0;
		};
		BB9601641EFB35ED0000EB33 /* Resources */ = {
			isa = PBXResourcesBuildPhase;
			buildActionMask = 2147483647;
			files = (
			);
			runOnlyForDeploymentPostprocessing = 0;
		};
/* End PBXResourcesBuildPhase section */

/* Begin PBXSourcesBuildPhase section */
		BB9601431EFB35EC0000EB33 /* Sources */ = {
			isa = PBXSourcesBuildPhase;
			buildActionMask = 2147483647;
			files = (
				BB96014D1EFB35EC0000EB33 /* ViewController.swift in Sources */,
				BB96014B1EFB35EC0000EB33 /* AppDelegate.swift in Sources */,
			);
			runOnlyForDeploymentPostprocessing = 0;
		};
		BB9601571EFB35ED0000EB33 /* Sources */ = {
			isa = PBXSourcesBuildPhase;
			buildActionMask = 2147483647;
			files = (
				BB9601601EFB35ED0000EB33 /* TempCalculatorTests.swift in Sources */,
			);
			runOnlyForDeploymentPostprocessing = 0;
		};
		BB9601621EFB35ED0000EB33 /* Sources */ = {
			isa = PBXSourcesBuildPhase;
			buildActionMask = 2147483647;
			files = (
				BB96016B1EFB35ED0000EB33 /* TempCalculatorUITests.swift in Sources */,
			);
			runOnlyForDeploymentPostprocessing = 0;
		};
/* End PBXSourcesBuildPhase section */

/* Begin PBXTargetDependency section */
		BB96015D1EFB35ED0000EB33 /* PBXTargetDependency */ = {
			isa = PBXTargetDependency;
			target = BB9601461EFB35EC0000EB33 /* TempCalculator */;
			targetProxy = BB96015C1EFB35ED0000EB33 /* PBXContainerItemProxy */;
		};
		BB9601681EFB35ED0000EB33 /* PBXTargetDependency */ = {
			isa = PBXTargetDependency;
			target = BB9601461EFB35EC0000EB33 /* TempCalculator */;
			targetProxy = BB9601671EFB35ED0000EB33 /* PBXContainerItemProxy */;
		};
/* End PBXTargetDependency section */

/* Begin PBXVariantGroup section */
		BB96014E1EFB35EC0000EB33 /* Main.storyboard */ = {
			isa = PBXVariantGroup;
			children = (
				BB96014F1EFB35EC0000EB33 /* Base */,
			);
			name = Main.storyboard;
			sourceTree = "<group>";
		};
		BB9601531EFB35EC0000EB33 /* LaunchScreen.storyboard */ = {
			isa = PBXVariantGroup;
			children = (
				BB9601541EFB35EC0000EB33 /* Base */,
			);
			name = LaunchScreen.storyboard;
			sourceTree = "<group>";
		};
/* End PBXVariantGroup section */

/* Begin XCBuildConfiguration section */
		BB96016D1EFB35ED0000EB33 /* Debug */ = {
			isa = XCBuildConfiguration;
			buildSettings = {
				ALWAYS_SEARCH_USER_PATHS = NO;
				CLANG_ANALYZER_NONNULL = YES;
				CLANG_CXX_LANGUAGE_STANDARD = "gnu++0x";
				CLANG_CXX_LIBRARY = "libc++";
				CLANG_ENABLE_MODULES = YES;
				CLANG_ENABLE_OBJC_ARC = YES;
				CLANG_WARN_BOOL_CONVERSION = YES;
				CLANG_WARN_CONSTANT_CONVERSION = YES;
				CLANG_WARN_DIRECT_OBJC_ISA_USAGE = YES_ERROR;
				CLANG_WARN_DOCUMENTATION_COMMENTS = YES;
				CLANG_WARN_EMPTY_BODY = YES;
				CLANG_WARN_ENUM_CONVERSION = YES;
				CLANG_WARN_INFINITE_RECURSION = YES;
				CLANG_WARN_INT_CONVERSION = YES;
				CLANG_WARN_OBJC_ROOT_CLASS = YES_ERROR;
				CLANG_WARN_SUSPICIOUS_MOVE = YES;
				CLANG_WARN_UNREACHABLE_CODE = YES;
				CLANG_WARN__DUPLICATE_METHOD_MATCH = YES;
				"CODE_SIGN_IDENTITY[sdk=iphoneos*]" = "iPhone Developer";
				COPY_PHASE_STRIP = NO;
				DEBUG_INFORMATION_FORMAT = dwarf;
				ENABLE_STRICT_OBJC_MSGSEND = YES;
				ENABLE_TESTABILITY = YES;
				GCC_C_LANGUAGE_STANDARD = gnu99;
				GCC_DYNAMIC_NO_PIC = NO;
				GCC_NO_COMMON_BLOCKS = YES;
				GCC_OPTIMIZATION_LEVEL = 0;
				GCC_PREPROCESSOR_DEFINITIONS = (
					"DEBUG=1",
					"$(inherited)",
				);
				GCC_WARN_64_TO_32_BIT_CONVERSION = YES;
				GCC_WARN_ABOUT_RETURN_TYPE = YES_ERROR;
				GCC_WARN_UNDECLARED_SELECTOR = YES;
				GCC_WARN_UNINITIALIZED_AUTOS = YES_AGGRESSIVE;
				GCC_WARN_UNUSED_FUNCTION = YES;
				GCC_WARN_UNUSED_VARIABLE = YES;
				IPHONEOS_DEPLOYMENT_TARGET = 10.2;
				MTL_ENABLE_DEBUG_INFO = YES;
				ONLY_ACTIVE_ARCH = YES;
				SDKROOT = iphoneos;
				SWIFT_ACTIVE_COMPILATION_CONDITIONS = DEBUG;
				SWIFT_OPTIMIZATION_LEVEL = "-Onone";
			};
			name = Debug;
		};
		BB96016E1EFB35ED0000EB33 /* Release */ = {
			isa = XCBuildConfiguration;
			buildSettings = {
				ALWAYS_SEARCH_USER_PATHS = NO;
				CLANG_ANALYZER_NONNULL = YES;
				CLANG_CXX_LANGUAGE_STANDARD = "gnu++0x";
				CLANG_CXX_LIBRARY = "libc++";
				CLANG_ENABLE_MODULES = YES;
				CLANG_ENABLE_OBJC_ARC = YES;
				CLANG_WARN_BOOL_CONVERSION = YES;
				CLANG_WARN_CONSTANT_CONVERSION = YES;
				CLANG_WARN_DIRECT_OBJC_ISA_USAGE = YES_ERROR;
				CLANG_WARN_DOCUMENTATION_COMMENTS = YES;
				CLANG_WARN_EMPTY_BODY = YES;
				CLANG_WARN_ENUM_CONVERSION = YES;
				CLANG_WARN_INFINITE_RECURSION = YES;
				CLANG_WARN_INT_CONVERSION = YES;
				CLANG_WARN_OBJC_ROOT_CLASS = YES_ERROR;
				CLANG_WARN_SUSPICIOUS_MOVE = YES;
				CLANG_WARN_UNREACHABLE_CODE = YES;
				CLANG_WARN__DUPLICATE_METHOD_MATCH = YES;
				"CODE_SIGN_IDENTITY[sdk=iphoneos*]" = "iPhone Developer";
				COPY_PHASE_STRIP = NO;
				DEBUG_INFORMATION_FORMAT = "dwarf-with-dsym";
				ENABLE_NS_ASSERTIONS = NO;
				ENABLE_STRICT_OBJC_MSGSEND = YES;
				GCC_C_LANGUAGE_STANDARD = gnu99;
				GCC_NO_COMMON_BLOCKS = YES;
				GCC_WARN_64_TO_32_BIT_CONVERSION = YES;
				GCC_WARN_ABOUT_RETURN_TYPE = YES_ERROR;
				GCC_WARN_UNDECLARED_SELECTOR = YES;
				GCC_WARN_UNINITIALIZED_AUTOS = YES_AGGRESSIVE;
				GCC_WARN_UNUSED_FUNCTION = YES;
				GCC_WARN_UNUSED_VARIABLE = YES;
				IPHONEOS_DEPLOYMENT_TARGET = 10.2;
				MTL_ENABLE_DEBUG_INFO = NO;
				SDKROOT = iphoneos;
				SWIFT_OPTIMIZATION_LEVEL = "-Owholemodule";
				VALIDATE_PRODUCT = YES;
			};
			name = Release;
		};
		BB9601701EFB35ED0000EB33 /* Debug */ = {
			isa = XCBuildConfiguration;
			buildSettings = {
				ASSETCATALOG_COMPILER_APPICON_NAME = AppIcon;
				INFOPLIST_FILE = TempCalculator/Info.plist;
				LD_RUNPATH_SEARCH_PATHS = "$(inherited) @executable_path/Frameworks";
				PRODUCT_BUNDLE_IDENTIFIER = com.sugurutokuda.TempCalculator;
				PRODUCT_NAME = "$(TARGET_NAME)";
				SWIFT_VERSION = 3.0;
			};
			name = Debug;
		};
		BB9601711EFB35ED0000EB33 /* Release */ = {
			isa = XCBuildConfiguration;
			buildSettings = {
				ASSETCATALOG_COMPILER_APPICON_NAME = AppIcon;
				INFOPLIST_FILE = TempCalculator/Info.plist;
				LD_RUNPATH_SEARCH_PATHS = "$(inherited) @executable_path/Frameworks";
				PRODUCT_BUNDLE_IDENTIFIER = com.sugurutokuda.TempCalculator;
				PRODUCT_NAME = "$(TARGET_NAME)";
				SWIFT_VERSION = 3.0;
			};
			name = Release;
		};
		BB9601731EFB35ED0000EB33 /* Debug */ = {
			isa = XCBuildConfiguration;
			buildSettings = {
				ALWAYS_EMBED_SWIFT_STANDARD_LIBRARIES = YES;
				BUNDLE_LOADER = "$(TEST_HOST)";
				INFOPLIST_FILE = TempCalculatorTests/Info.plist;
				LD_RUNPATH_SEARCH_PATHS = "$(inherited) @executable_path/Frameworks @loader_path/Frameworks";
				PRODUCT_BUNDLE_IDENTIFIER = com.sugurutokuda.TempCalculatorTests;
				PRODUCT_NAME = "$(TARGET_NAME)";
				SWIFT_VERSION = 3.0;
				TEST_HOST = "$(BUILT_PRODUCTS_DIR)/TempCalculator.app/TempCalculator";
			};
			name = Debug;
		};
		BB9601741EFB35ED0000EB33 /* Release */ = {
			isa = XCBuildConfiguration;
			buildSettings = {
				ALWAYS_EMBED_SWIFT_STANDARD_LIBRARIES = YES;
				BUNDLE_LOADER = "$(TEST_HOST)";
				INFOPLIST_FILE = TempCalculatorTests/Info.plist;
				LD_RUNPATH_SEARCH_PATHS = "$(inherited) @executable_path/Frameworks @loader_path/Frameworks";
				PRODUCT_BUNDLE_IDENTIFIER = com.sugurutokuda.TempCalculatorTests;
				PRODUCT_NAME = "$(TARGET_NAME)";
				SWIFT_VERSION = 3.0;
				TEST_HOST = "$(BUILT_PRODUCTS_DIR)/TempCalculator.app/TempCalculator";
			};
			name = Release;
		};
		BB9601761EFB35ED0000EB33 /* Debug */ = {
			isa = XCBuildConfiguration;
			buildSettings = {
				ALWAYS_EMBED_SWIFT_STANDARD_LIBRARIES = YES;
				INFOPLIST_FILE = TempCalculatorUITests/Info.plist;
				LD_RUNPATH_SEARCH_PATHS = "$(inherited) @executable_path/Frameworks @loader_path/Frameworks";
				PRODUCT_BUNDLE_IDENTIFIER = com.sugurutokuda.TempCalculatorUITests;
				PRODUCT_NAME = "$(TARGET_NAME)";
				SWIFT_VERSION = 3.0;
				TEST_TARGET_NAME = TempCalculator;
			};
			name = Debug;
		};
		BB9601771EFB35ED0000EB33 /* Release */ = {
			isa = XCBuildConfiguration;
			buildSettings = {
				ALWAYS_EMBED_SWIFT_STANDARD_LIBRARIES = YES;
				INFOPLIST_FILE = TempCalculatorUITests/Info.plist;
				LD_RUNPATH_SEARCH_PATHS = "$(inherited) @executable_path/Frameworks @loader_path/Frameworks";
				PRODUCT_BUNDLE_IDENTIFIER = com.sugurutokuda.TempCalculatorUITests;
				PRODUCT_NAME = "$(TARGET_NAME)";
				SWIFT_VERSION = 3.0;
				TEST_TARGET_NAME = TempCalculator;
			};
			name = Release;
		};
/* End XCBuildConfiguration section */

/* Begin XCConfigurationList section */
		BB9601421EFB35EC0000EB33 /* Build configuration list for PBXProject "TempCalculator" */ = {
			isa = XCConfigurationList;
			buildConfigurations = (
				BB96016D1EFB35ED0000EB33 /* Debug */,
				BB96016E1EFB35ED0000EB33 /* Release */,
			);
			defaultConfigurationIsVisible = 0;
			defaultConfigurationName = Release;
		};
		BB96016F1EFB35ED0000EB33 /* Build configuration list for PBXNativeTarget "TempCalculator" */ = {
			isa = XCConfigurationList;
			buildConfigurations = (
				BB9601701EFB35ED0000EB33 /* Debug */,
				BB9601711EFB35ED0000EB33 /* Release */,
			);
			defaultConfigurationIsVisible = 0;
		};
		BB9601721EFB35ED0000EB33 /* Build configuration list for PBXNativeTarget "TempCalculatorTests" */ = {
			isa = XCConfigurationList;
			buildConfigurations = (
				BB9601731EFB35ED0000EB33 /* Debug */,
				BB9601741EFB35ED0000EB33 /* Release */,
			);
			defaultConfigurationIsVisible = 0;
		};
		BB9601751EFB35ED0000EB33 /* Build configuration list for PBXNativeTarget "TempCalculatorUITests" */ = {
			isa = XCConfigurationList;
			buildConfigurations = (
				BB9601761EFB35ED0000EB33 /* Debug */,
				BB9601771EFB35ED0000EB33 /* Release */,
			);
			defaultConfigurationIsVisible = 0;
		};
/* End XCConfigurationList section */
	};
	rootObject = BB96013F1EFB35EC0000EB33 /* Project object */;
}
